
Microsoft Visual Studio Solution File, Format Version 12.00
# Visual Studio Version 17
VisualStudioVersion = 17.1.32210.238
MinimumVisualStudioVersion = 10.0.40219.1
Project("{FAE04EC0-301F-11D3-BF4B-00C04F79EFBC}") = "Project3.Android", "Project3\Project3.Android\Project3.Android.csproj", "{EE2019DF-E2E1-445C-97A3-592F3133E75E}"
EndProject
Project("{FAE04EC0-301F-11D3-BF4B-00C04F79EFBC}") = "Project3", "Project3\Project3\Project3.csproj", "{C234FBAB-209F-4D7C-A9BB-D1366C2D2BA8}"
EndProject
Global
	GlobalSection(SolutionConfigurationPlatforms) = preSolution
		Debug|Any CPU = Debug|Any CPU
		Release|Any CPU = Release|Any CPU
	EndGlobalSection
	GlobalSection(ProjectConfigurationPlatforms) = postSolution
		{EE2019DF-E2E1-445C-97A3-592F3133E75E}.Debug|Any CPU.ActiveCfg = Debug|Any CPU
		{EE2019DF-E2E1-445C-97A3-592F3133E75E}.Debug|Any CPU.Build.0 = Debug|Any CPU
		{EE2019DF-E2E1-445C-97A3-592F3133E75E}.Debug|Any CPU.Deploy.0 = Debug|Any CPU
		{EE2019DF-E2E1-445C-97A3-592F3133E75E}.Release|Any CPU.ActiveCfg = Release|Any CPU
		{EE2019DF-E2E1-445C-97A3-592F3133E75E}.Release|Any CPU.Build.0 = Release|Any CPU
		{EE2019DF-E2E1-445C-97A3-592F3133E75E}.Release|Any CPU.Deploy.0 = Release|Any CPU
		{C234FBAB-209F-4D7C-A9BB-D1366C2D2BA8}.Debug|Any CPU.ActiveCfg = Debug|Any CPU
		{C234FBAB-209F-4D7C-A9BB-D1366C2D2BA8}.Debug|Any CPU.Build.0 = Debug|Any CPU
		{C234FBAB-209F-4D7C-A9BB-D1366C2D2BA8}.Debug|Any CPU.Deploy.0 = Debug|Any CPU
		{C234FBAB-209F-4D7C-A9BB-D1366C2D2BA8}.Release|Any CPU.ActiveCfg = Release|Any CPU
		{C234FBAB-209F-4D7C-A9BB-D1366C2D2BA8}.Release|Any CPU.Build.0 = Release|Any CPU
		{C234FBAB-209F-4D7C-A9BB-D1366C2D2BA8}.Release|Any CPU.Deploy.0 = Release|Any CPU
	EndGlobalSection
	GlobalSection(SolutionProperties) = preSolution
		HideSolutionNode = FALSE
	EndGlobalSection
	GlobalSection(ExtensibilityGlobals) = postSolution
		SolutionGuid = {260F68F2-FABF-4B91-8D1F-0BE1A996DC3B}
	EndGlobalSection
EndGlobal
